
Microsoft Visual Studio Solution File, Format Version 12.00
# Visual Studio Version 17
VisualStudioVersion = 17.0.31903.59
MinimumVisualStudioVersion = 10.0.40219.1
Project("{9A19103F-16F7-4668-BE54-9A1E7A4F7556}") = "Chess.Produktlogic", "Chess.Produktlogic\Chess.Produktlogic.csproj", "{A0F9AB24-1C12-4340-9B5F-F38E425057E1}"
EndProject
Project("{9A19103F-16F7-4668-BE54-9A1E7A4F7556}") = "Chess.Produktlogic.Test", "Chess.Produktlogic.Test\Chess.Produktlogic.Test.csproj", "{A3E82FFD-4A13-45AD-92D1-158E992B29D0}"
EndProject
Project("{9A19103F-16F7-4668-BE54-9A1E7A4F7556}") = "Chess.Menue", "Chess.Menue\Chess.Menue.csproj", "{B0D69626-64E8-4ED5-817E-28E880F528FA}"
EndProject
Project("{9A19103F-16F7-4668-BE54-9A1E7A4F7556}") = "Chess.Game", "Chess.Game\Chess.Game.csproj", "{6708C5E5-8DF0-4202-A83B-7FFEFF19D642}"
EndProject
Project("{FAE04EC0-301F-11D3-BF4B-00C04F79EFBC}") = "Chess.AI", "Chess.AI\Chess.AI.csproj", "{B3CB874B-562B-47C9-8BC9-481C555D9020}"
EndProject
Project("{FAE04EC0-301F-11D3-BF4B-00C04F79EFBC}") = "Chess.AI.Test", "Chess.AI.Test\Chess.AI.Test.csproj", "{68DFE30B-3FAF-4C0C-B810-14A4C47A9A5E}"
EndProject
Global
	GlobalSection(SolutionConfigurationPlatforms) = preSolution
		Debug|Any CPU = Debug|Any CPU
		Release|Any CPU = Release|Any CPU
	EndGlobalSection
	GlobalSection(ProjectConfigurationPlatforms) = postSolution
		{A0F9AB24-1C12-4340-9B5F-F38E425057E1}.Debug|Any CPU.ActiveCfg = Debug|Any CPU
		{A0F9AB24-1C12-4340-9B5F-F38E425057E1}.Debug|Any CPU.Build.0 = Debug|Any CPU
		{A0F9AB24-1C12-4340-9B5F-F38E425057E1}.Release|Any CPU.ActiveCfg = Release|Any CPU
		{A0F9AB24-1C12-4340-9B5F-F38E425057E1}.Release|Any CPU.Build.0 = Release|Any CPU
		{A3E82FFD-4A13-45AD-92D1-158E992B29D0}.Debug|Any CPU.ActiveCfg = Debug|Any CPU
		{A3E82FFD-4A13-45AD-92D1-158E992B29D0}.Debug|Any CPU.Build.0 = Debug|Any CPU
		{A3E82FFD-4A13-45AD-92D1-158E992B29D0}.Release|Any CPU.ActiveCfg = Release|Any CPU
		{A3E82FFD-4A13-45AD-92D1-158E992B29D0}.Release|Any CPU.Build.0 = Release|Any CPU
		{B0D69626-64E8-4ED5-817E-28E880F528FA}.Debug|Any CPU.ActiveCfg = Debug|Any CPU
		{B0D69626-64E8-4ED5-817E-28E880F528FA}.Debug|Any CPU.Build.0 = Debug|Any CPU
		{B0D69626-64E8-4ED5-817E-28E880F528FA}.Release|Any CPU.ActiveCfg = Release|Any CPU
		{B0D69626-64E8-4ED5-817E-28E880F528FA}.Release|Any CPU.Build.0 = Release|Any CPU
		{6708C5E5-8DF0-4202-A83B-7FFEFF19D642}.Debug|Any CPU.ActiveCfg = Debug|Any CPU
		{6708C5E5-8DF0-4202-A83B-7FFEFF19D642}.Debug|Any CPU.Build.0 = Debug|Any CPU
		{6708C5E5-8DF0-4202-A83B-7FFEFF19D642}.Release|Any CPU.ActiveCfg = Release|Any CPU
		{6708C5E5-8DF0-4202-A83B-7FFEFF19D642}.Release|Any CPU.Build.0 = Release|Any CPU
		{B3CB874B-562B-47C9-8BC9-481C555D9020}.Debug|Any CPU.ActiveCfg = Debug|Any CPU
		{B3CB874B-562B-47C9-8BC9-481C555D9020}.Debug|Any CPU.Build.0 = Debug|Any CPU
		{B3CB874B-562B-47C9-8BC9-481C555D9020}.Release|Any CPU.ActiveCfg = Release|Any CPU
		{B3CB874B-562B-47C9-8BC9-481C555D9020}.Release|Any CPU.Build.0 = Release|Any CPU
		{68DFE30B-3FAF-4C0C-B810-14A4C47A9A5E}.Debug|Any CPU.ActiveCfg = Debug|Any CPU
		{68DFE30B-3FAF-4C0C-B810-14A4C47A9A5E}.Debug|Any CPU.Build.0 = Debug|Any CPU
		{68DFE30B-3FAF-4C0C-B810-14A4C47A9A5E}.Release|Any CPU.ActiveCfg = Release|Any CPU
		{68DFE30B-3FAF-4C0C-B810-14A4C47A9A5E}.Release|Any CPU.Build.0 = Release|Any CPU
	EndGlobalSection
	GlobalSection(SolutionProperties) = preSolution
		HideSolutionNode = FALSE
	EndGlobalSection
	GlobalSection(ExtensibilityGlobals) = postSolution
		SolutionGuid = {96BC9BD9-0684-4B24-A1F4-BCB0B3F020A6}
	EndGlobalSection
EndGlobal
